
Microsoft Visual Studio Solution File, Format Version 12.00
# Visual Studio Version 17
VisualStudioVersion = 17.6.33723.286
MinimumVisualStudioVersion = 10.0.40219.1
Project("{9A19103F-16F7-4668-BE54-9A1E7A4F7556}") = "LocalizerScript", "LocalizerScript\LocalizerScript.csproj", "{CA124E49-92CC-42E8-AB9D-66F1C2C76F12}"
EndProject
Global
	GlobalSection(SolutionConfigurationPlatforms) = preSolution
		Debug|Any CPU = Debug|Any CPU
		Release|Any CPU = Release|Any CPU
	EndGlobalSection
	GlobalSection(ProjectConfigurationPlatforms) = postSolution
		{CA124E49-92CC-42E8-AB9D-66F1C2C76F12}.Debug|Any CPU.ActiveCfg = Debug|Any CPU
		{CA124E49-92CC-42E8-AB9D-66F1C2C76F12}.Debug|Any CPU.Build.0 = Debug|Any CPU
		{CA124E49-92CC-42E8-AB9D-66F1C2C76F12}.Release|Any CPU.ActiveCfg = Release|Any CPU
		{CA124E49-92CC-42E8-AB9D-66F1C2C76F12}.Release|Any CPU.Build.0 = Release|Any CPU
	EndGlobalSection
	GlobalSection(SolutionProperties) = preSolution
		HideSolutionNode = FALSE
	EndGlobalSection
	GlobalSection(ExtensibilityGlobals) = postSolution
		SolutionGuid = {F6113517-B49A-4F64-B491-14F5DB7E6611}
	EndGlobalSection
EndGlobal
